
Microsoft Visual Studio Solution File, Format Version 12.00
# Visual Studio Version 16
VisualStudioVersion = 16.0.31702.278
MinimumVisualStudioVersion = 10.0.40219.1
Project("{FAE04EC0-301F-11D3-BF4B-00C04F79EFBC}") = "Dom rabota", "Dom rabota\Dom rabota.csproj", "{05131AB9-0997-4E51-88E5-A570A24B724D}"
EndProject
Global
	GlobalSection(SolutionConfigurationPlatforms) = preSolution
		Debug|Any CPU = Debug|Any CPU
		Release|Any CPU = Release|Any CPU
	EndGlobalSection
	GlobalSection(ProjectConfigurationPlatforms) = postSolution
		{05131AB9-0997-4E51-88E5-A570A24B724D}.Debug|Any CPU.ActiveCfg = Debug|Any CPU
		{05131AB9-0997-4E51-88E5-A570A24B724D}.Debug|Any CPU.Build.0 = Debug|Any CPU
		{05131AB9-0997-4E51-88E5-A570A24B724D}.Release|Any CPU.ActiveCfg = Release|Any CPU
		{05131AB9-0997-4E51-88E5-A570A24B724D}.Release|Any CPU.Build.0 = Release|Any CPU
	EndGlobalSection
	GlobalSection(SolutionProperties) = preSolution
		HideSolutionNode = FALSE
	EndGlobalSection
	GlobalSection(ExtensibilityGlobals) = postSolution
		SolutionGuid = {308535E1-7F9B-4A38-99DC-90AC3865FB5E}
	EndGlobalSection
EndGlobal
